
Microsoft Visual Studio Solution File, Format Version 12.00
# Visual Studio Version 16
VisualStudioVersion = 16.0.31129.286
MinimumVisualStudioVersion = 10.0.40219.1
Project("{9A19103F-16F7-4668-BE54-9A1E7A4F7556}") = "CCFrame", "CCFrame\CCFrame.csproj", "{93B1151C-9461-4A6A-B799-4B1649BC232A}"
EndProject
Project("{9A19103F-16F7-4668-BE54-9A1E7A4F7556}") = "FrameDemo", "FrameDemo\FrameDemo.csproj", "{F370BDB8-543D-4F87-BBE0-47E084F1D3AB}"
EndProject
Project("{9A19103F-16F7-4668-BE54-9A1E7A4F7556}") = "FrameTestDemo", "FrameTestDemo\FrameTestDemo.csproj", "{3EF615EE-34FD-42D2-85A5-23485CA79107}"
EndProject
Project("{9A19103F-16F7-4668-BE54-9A1E7A4F7556}") = "CodeCollect", "CodeCollect\CodeCollect.csproj", "{73F37DD6-2755-4D83-999D-F99721523605}"
EndProject
Project("{9A19103F-16F7-4668-BE54-9A1E7A4F7556}") = "CCFrame.UIForm", "CCFrame.UIForm\CCFrame.UIForm.csproj", "{DF3FD6A1-D8F4-4B8B-A4B6-52CFDC0A7066}"
EndProject
Project("{2150E333-8FDC-42A3-9474-1A3956D46DE8}") = "Solution Items", "Solution Items", "{3D94498F-6304-46FA-9CBB-5DD2F17A03CB}"
	ProjectSection(SolutionItems) = preProject
		.editorconfig = .editorconfig
	EndProjectSection
EndProject
Global
	GlobalSection(SolutionConfigurationPlatforms) = preSolution
		Debug|Any CPU = Debug|Any CPU
		Release|Any CPU = Release|Any CPU
	EndGlobalSection
	GlobalSection(ProjectConfigurationPlatforms) = postSolution
		{93B1151C-9461-4A6A-B799-4B1649BC232A}.Debug|Any CPU.ActiveCfg = Debug|Any CPU
		{93B1151C-9461-4A6A-B799-4B1649BC232A}.Debug|Any CPU.Build.0 = Debug|Any CPU
		{93B1151C-9461-4A6A-B799-4B1649BC232A}.Release|Any CPU.ActiveCfg = Release|Any CPU
		{93B1151C-9461-4A6A-B799-4B1649BC232A}.Release|Any CPU.Build.0 = Release|Any CPU
		{F370BDB8-543D-4F87-BBE0-47E084F1D3AB}.Debug|Any CPU.ActiveCfg = Debug|Any CPU
		{F370BDB8-543D-4F87-BBE0-47E084F1D3AB}.Debug|Any CPU.Build.0 = Debug|Any CPU
		{F370BDB8-543D-4F87-BBE0-47E084F1D3AB}.Release|Any CPU.ActiveCfg = Release|Any CPU
		{F370BDB8-543D-4F87-BBE0-47E084F1D3AB}.Release|Any CPU.Build.0 = Release|Any CPU
		{3EF615EE-34FD-42D2-85A5-23485CA79107}.Debug|Any CPU.ActiveCfg = Debug|Any CPU
		{3EF615EE-34FD-42D2-85A5-23485CA79107}.Debug|Any CPU.Build.0 = Debug|Any CPU
		{3EF615EE-34FD-42D2-85A5-23485CA79107}.Release|Any CPU.ActiveCfg = Release|Any CPU
		{3EF615EE-34FD-42D2-85A5-23485CA79107}.Release|Any CPU.Build.0 = Release|Any CPU
		{73F37DD6-2755-4D83-999D-F99721523605}.Debug|Any CPU.ActiveCfg = Debug|Any CPU
		{73F37DD6-2755-4D83-999D-F99721523605}.Debug|Any CPU.Build.0 = Debug|Any CPU
		{73F37DD6-2755-4D83-999D-F99721523605}.Release|Any CPU.ActiveCfg = Release|Any CPU
		{73F37DD6-2755-4D83-999D-F99721523605}.Release|Any CPU.Build.0 = Release|Any CPU
		{DF3FD6A1-D8F4-4B8B-A4B6-52CFDC0A7066}.Debug|Any CPU.ActiveCfg = Debug|Any CPU
		{DF3FD6A1-D8F4-4B8B-A4B6-52CFDC0A7066}.Debug|Any CPU.Build.0 = Debug|Any CPU
		{DF3FD6A1-D8F4-4B8B-A4B6-52CFDC0A7066}.Release|Any CPU.ActiveCfg = Release|Any CPU
		{DF3FD6A1-D8F4-4B8B-A4B6-52CFDC0A7066}.Release|Any CPU.Build.0 = Release|Any CPU
	EndGlobalSection
	GlobalSection(SolutionProperties) = preSolution
		HideSolutionNode = FALSE
	EndGlobalSection
	GlobalSection(ExtensibilityGlobals) = postSolution
		SolutionGuid = {C4AF810F-9140-4F80-9CF7-9CE1CAC765EF}
	EndGlobalSection
EndGlobal
